dependencies:
- name: cloudnative-pg
  repository: https://cloudnative-pg.github.io/charts
  version: 0.26.0
- name: vespa
  repository: https://onyx-dot-app.github.io/vespa-helm-charts
  version: 0.2.25
- name: opensearch
  repository: https://opensearch-project.github.io/helm-charts
  version: 3.4.0
- name: ingress-nginx
  repository: https://kubernetes.github.io/ingress-nginx
  version: 4.13.3
- name: redis
  repository: https://ot-container-kit.github.io/helm-charts
  version: 0.16.6
- name: minio
  repository: https://charts.min.io/
  version: 5.4.0
- name: code-interpreter
  repository: https://onyx-dot-app.github.io/python-sandbox/
  version: 0.3.3
digest: sha256:a57f29088b1624a72f6c70e4c3ccc2f2aad675e4624278c4e9be92083d6d5dad
generated: "2026-04-08T16:47:29.33368-07:00"
